
Microsoft Visual Studio Solution File, Format Version 12.00
# Visual Studio 15
VisualStudioVersion = 15.0.27703.2035
MinimumVisualStudioVersion = 10.0.40219.1
Project("{9A19103F-16F7-4668-BE54-9A1E7A4F7556}") = "EsHelper", "EsHelper\EsHelper.csproj", "{7EE313C2-BD3B-49B0-BC1E-4217D0B9718E}"
EndProject
Project("{9A19103F-16F7-4668-BE54-9A1E7A4F7556}") = "Artemis", "EsStandard\Artemis.csproj", "{2A50C092-4170-432C-A4CF-6055E6899297}"
EndProject
Project("{FAE04EC0-301F-11D3-BF4B-00C04F79EFBC}") = "Artemis.Fact", "Artemis.Fact\Artemis.Fact.csproj", "{CC7E4E68-370D-472D-BE8D-4DC477AE4E90}"
EndProject
Global
	GlobalSection(SolutionConfigurationPlatforms) = preSolution
		Debug|Any CPU = Debug|Any CPU
		Release|Any CPU = Release|Any CPU
	EndGlobalSection
	GlobalSection(ProjectConfigurationPlatforms) = postSolution
		{7EE313C2-BD3B-49B0-BC1E-4217D0B9718E}.Debug|Any CPU.ActiveCfg = Debug|Any CPU
		{7EE313C2-BD3B-49B0-BC1E-4217D0B9718E}.Debug|Any CPU.Build.0 = Debug|Any CPU
		{7EE313C2-BD3B-49B0-BC1E-4217D0B9718E}.Release|Any CPU.ActiveCfg = Release|Any CPU
		{7EE313C2-BD3B-49B0-BC1E-4217D0B9718E}.Release|Any CPU.Build.0 = Release|Any CPU
		{2A50C092-4170-432C-A4CF-6055E6899297}.Debug|Any CPU.ActiveCfg = Debug|Any CPU
		{2A50C092-4170-432C-A4CF-6055E6899297}.Debug|Any CPU.Build.0 = Debug|Any CPU
		{2A50C092-4170-432C-A4CF-6055E6899297}.Release|Any CPU.ActiveCfg = Release|Any CPU
		{2A50C092-4170-432C-A4CF-6055E6899297}.Release|Any CPU.Build.0 = Release|Any CPU
		{CC7E4E68-370D-472D-BE8D-4DC477AE4E90}.Debug|Any CPU.ActiveCfg = Debug|Any CPU
		{CC7E4E68-370D-472D-BE8D-4DC477AE4E90}.Debug|Any CPU.Build.0 = Debug|Any CPU
		{CC7E4E68-370D-472D-BE8D-4DC477AE4E90}.Release|Any CPU.ActiveCfg = Release|Any CPU
		{CC7E4E68-370D-472D-BE8D-4DC477AE4E90}.Release|Any CPU.Build.0 = Release|Any CPU
	EndGlobalSection
	GlobalSection(SolutionProperties) = preSolution
		HideSolutionNode = FALSE
	EndGlobalSection
	GlobalSection(ExtensibilityGlobals) = postSolution
		SolutionGuid = {4576F121-E5D0-4DC5-8AEE-B9CA293B0972}
	EndGlobalSection
EndGlobal
